
Microsoft Visual Studio Solution File, Format Version 12.00
# Visual Studio Version 16
VisualStudioVersion = 16.0.34301.259
MinimumVisualStudioVersion = 10.0.40219.1
Project("{8BC9CEB8-8B4A-11D0-8D11-00A0C91BC942}") = "15 Aug 2024", "15 Aug 2024.vcxproj", "{7C7399DF-ECBB-4729-9B16-4E4A5C03372C}"
EndProject
Global
	GlobalSection(SolutionConfigurationPlatforms) = preSolution
		Debug|x64 = Debug|x64
		Debug|x86 = Debug|x86
		Release|x64 = Release|x64
		Release|x86 = Release|x86
	EndGlobalSection
	GlobalSection(ProjectConfigurationPlatforms) = postSolution
		{7C7399DF-ECBB-4729-9B16-4E4A5C03372C}.Debug|x64.ActiveCfg = Debug|x64
		{7C7399DF-ECBB-4729-9B16-4E4A5C03372C}.Debug|x64.Build.0 = Debug|x64
		{7C7399DF-ECBB-4729-9B16-4E4A5C03372C}.Debug|x86.ActiveCfg = Debug|Win32
		{7C7399DF-ECBB-4729-9B16-4E4A5C03372C}.Debug|x86.Build.0 = Debug|Win32
		{7C7399DF-ECBB-4729-9B16-4E4A5C03372C}.Release|x64.ActiveCfg = Release|x64
		{7C7399DF-ECBB-4729-9B16-4E4A5C03372C}.Release|x64.Build.0 = Release|x64
		{7C7399DF-ECBB-4729-9B16-4E4A5C03372C}.Release|x86.ActiveCfg = Release|Win32
		{7C7399DF-ECBB-4729-9B16-4E4A5C03372C}.Release|x86.Build.0 = Release|Win32
	EndGlobalSection
	GlobalSection(SolutionProperties) = preSolution
		HideSolutionNode = FALSE
	EndGlobalSection
	GlobalSection(ExtensibilityGlobals) = postSolution
		SolutionGuid = {5123B002-1504-4086-8924-B8A11EB5C392}
	EndGlobalSection
EndGlobal
